<?xml version="1.0" encoding="utf-8"?>
<Project ToolsVersion="4.0" xmlns="http://schemas.microsoft.com/developer/msbuild/2003">
  <ItemGroup>
    <Filter Include="Source Files">
      <UniqueIdentifier>{4FC737F1-C7A5-4376-A066-2A32D752A2FF}</UniqueIdentifier>
      <Extensions>cpp;c;cc;cxx;def;odl;idl;hpj;bat;asm;asmx</Extensions>
    </Filter>
    <Filter Include="Header Files">
      <UniqueIdentifier>{93995380-89BD-4b04-88EB-625FBE52EBFB}</UniqueIdentifier>
      <Extensions>h;hh;hpp;hxx;hm;inl;inc;ipp;xsd</Extensions>
    </Filter>
    <Filter Include="Resource Files">
      <UniqueIdentifier>{67DA6AB6-F800-4c08-8B7A-83BB121AAD01}</UniqueIdentifier>
      <Extensions>rc;ico;cur;bmp;dlg;rc2;rct;bin;rgs;gif;jpg;jpeg;jpe;resx;tiff;tif;png;wav;mfcribbon-ms</Extensions>
    </Filter>
    <Filter Include="Header Files\Services">
      <UniqueIdentifier>{1f2c165b-5e69-45d8-ac74-9a66106fda17}</UniqueIdentifier>
    </Filter>
    <Filter Include="Header Files\Libs">
      <UniqueIdentifier>{d0d2efe1-9a1b-4ec0-8533-488936d6f7c2}</UniqueIdentifier>
    </Filter>
    <Filter Include="Header Files\Validators">
      <UniqueIdentifier>{75700c29-479f-4b84-9814-24ef547bd7c8}</UniqueIdentifier>
    </Filter>
    <Filter Include="Header Files\Cars">
      <UniqueIdentifier>{7246c925-98cc-46f9-aaf5-65fa33b8216e}</UniqueIdentifier>
    </Filter>
    <Filter Include="Source Files\Validators">
      <UniqueIdentifier>{701fdf89-b2b4-4569-ab7b-653ac0df9c63}</UniqueIdentifier>
    </Filter>
    <Filter Include="Source Files\Services">
      <UniqueIdentifier>{dce8c7fa-a6e1-426d-98d6-7dd54baf87ec}</UniqueIdentifier>
    </Filter>
    <Filter Include="Source Files\Cars">
      <UniqueIdentifier>{b82e2c61-9b93-4166-a3a0-6bc06463d53b}</UniqueIdentifier>
    </Filter>
  </ItemGroup>
  <ItemGroup>
    <ClInclude Include="car_validator.h">
      <Filter>Header Files\Validators</Filter>
    </ClInclude>
    <ClInclude Include="lib.h">
      <Filter>Header Files\Libs</Filter>
    </ClInclude>
    <ClInclude Include="json.hpp">
      <Filter>Header Files\Libs</Filter>
    </ClInclude>
    <ClInclude Include="menu_service.h">
      <Filter>Header Files\Services</Filter>
    </ClInclude>
    <ClInclude Include="user_data_service.h">
      <Filter>Header Files\Services</Filter>
    </ClInclude>
    <ClInclude Include="cars.h">
      <Filter>Header Files\Cars</Filter>
    </ClInclude>
    <ClInclude Include="car.h">
      <Filter>Header Files\Cars</Filter>
    </ClInclude>
    <ClInclude Include="car_utils.h">
      <Filter>Header Files\Cars</Filter>
    </ClInclude>
  </ItemGroup>
  <ItemGroup>
    <ClCompile Include="main.cpp">
      <Filter>Source Files</Filter>
    </ClCompile>
    <ClCompile Include="car_validator.cpp">
      <Filter>Source Files\Validators</Filter>
    </ClCompile>
    <ClCompile Include="menu_service.cpp">
      <Filter>Source Files\Services</Filter>
    </ClCompile>
    <ClCompile Include="user_data_service.cpp">
      <Filter>Source Files\Services</Filter>
    </ClCompile>
    <ClCompile Include="car.cpp">
      <Filter>Source Files\Cars</Filter>
    </ClCompile>
    <ClCompile Include="car_utils.cpp">
      <Filter>Source Files\Cars</Filter>
    </ClCompile>
    <ClCompile Include="cars.cpp">
      <Filter>Source Files\Cars</Filter>
    </ClCompile>
  </ItemGroup>
</Project>